// !$*UTF8*$!
{
	archiveVersion = 1;
	classes = {
	};
	objectVersion = 52;
	objects = {

/* Begin PBXBuildFile section */
		834A38DD255512DA00C910C8 /* TestView.swift in Sources */ = {isa = PBXBuildFile; fileRef = 834A38DC255512DA00C910C8 /* TestView.swift */; };
		834A38E5255521AC00C910C8 /* MovieDetail.swift in Sources */ = {isa = PBXBuildFile; fileRef = 834A38E4255521AC00C910C8 /* MovieDetail.swift */; };
		836AB54B254E9938002F8268 /* HomeVM.swift in Sources */ = {isa = PBXBuildFile; fileRef = 836AB54A254E9938002F8268 /* HomeVM.swift */; };
		836F00AC2553AFD300D46281 /* PlayButton.swift in Sources */ = {isa = PBXBuildFile; fileRef = 836F00AB2553AFD300D46281 /* PlayButton.swift */; };
		836FA366254E8702008952A8 /* NetflixApp.swift in Sources */ = {isa = PBXBuildFile; fileRef = 836FA365254E8702008952A8 /* NetflixApp.swift */; };
		836FA36A254E8703008952A8 /* Assets.xcassets in Resources */ = {isa = PBXBuildFile; fileRef = 836FA369254E8703008952A8 /* Assets.xcassets */; };
		836FA36D254E8703008952A8 /* Preview Assets.xcassets in Resources */ = {isa = PBXBuildFile; fileRef = 836FA36C254E8703008952A8 /* Preview Assets.xcassets */; };
		836FA377254E8923008952A8 /* HomeView.swift in Sources */ = {isa = PBXBuildFile; fileRef = 836FA376254E8923008952A8 /* HomeView.swift */; };
		836FA388254E92CD008952A8 /* KingfisherSwiftUI in Frameworks */ = {isa = PBXBuildFile; productRef = 836FA387254E92CD008952A8 /* KingfisherSwiftUI */; };
		836FA38C254E93F5008952A8 /* Movie.swift in Sources */ = {isa = PBXBuildFile; fileRef = 836FA38B254E93F5008952A8 /* Movie.swift */; };
		836FA390254E9472008952A8 /* StandardHomeMovie.swift in Sources */ = {isa = PBXBuildFile; fileRef = 836FA38F254E9472008952A8 /* StandardHomeMovie.swift */; };
		836FA393254E94C4008952A8 /* GlobalHelpers.swift in Sources */ = {isa = PBXBuildFile; fileRef = 836FA392254E94C4008952A8 /* GlobalHelpers.swift */; };
		83EEF5692557D74300EA9671 /* Episode.swift in Sources */ = {isa = PBXBuildFile; fileRef = 83EEF5682557D74300EA9671 /* Episode.swift */; };
		83F344652550482E0008FD38 /* TopMoviePreview.swift in Sources */ = {isa = PBXBuildFile; fileRef = 83F344642550482E0008FD38 /* TopMoviePreview.swift */; };
		83F344682552F6D60008FD38 /* SmallVerticalButton.swift in Sources */ = {isa = PBXBuildFile; fileRef = 83F344672552F6D60008FD38 /* SmallVerticalButton.swift */; };
/* End PBXBuildFile section */

/* Begin PBXFileReference section */
		834A38DC255512DA00C910C8 /* TestView.swift */ = {isa = PBXFileReference; lastKnownFileType = sourcecode.swift; path = TestView.swift; sourceTree = "<group>"; };
		834A38E4255521AC00C910C8 /* MovieDetail.swift */ = {isa = PBXFileReference; lastKnownFileType = sourcecode.swift; path = MovieDetail.swift; sourceTree = "<group>"; };
		836AB54A254E9938002F8268 /* HomeVM.swift */ = {isa = PBXFileReference; lastKnownFileType = sourcecode.swift; path = HomeVM.swift; sourceTree = "<group>"; };
		836F00AB2553AFD300D46281 /* PlayButton.swift */ = {isa = PBXFileReference; lastKnownFileType = sourcecode.swift; path = PlayButton.swift; sourceTree = "<group>"; };
		836FA362254E8702008952A8 /* Netflix-SwiftUI.app */ = {isa = PBXFileReference; explicitFileType = wrapper.application; includeInIndex = 0; path = "Netflix-SwiftUI.app"; sourceTree = BUILT_PRODUCTS_DIR; };
		836FA365254E8702008952A8 /* NetflixApp.swift */ = {isa = PBXFileReference; lastKnownFileType = sourcecode.swift; path = NetflixApp.swift; sourceTree = "<group>"; };
		836FA369254E8703008952A8 /* Assets.xcassets */ = {isa = PBXFileReference; lastKnownFileType = folder.assetcatalog; path = Assets.xcassets; sourceTree = "<group>"; };
		836FA36C254E8703008952A8 /* Preview Assets.xcassets */ = {isa = PBXFileReference; lastKnownFileType = folder.assetcatalog; path = "Preview Assets.xcassets"; sourceTree = "<group>"; };
		836FA36E254E8703008952A8 /* Info.plist */ = {isa = PBXFileReference; lastKnownFileType = text.plist.xml; path = Info.plist; sourceTree = "<group>"; };
		836FA376254E8923008952A8 /* HomeView.swift */ = {isa = PBXFileReference; lastKnownFileType = sourcecode.swift; path = HomeView.swift; sourceTree = "<group>"; };
		836FA38B254E93F5008952A8 /* Movie.swift */ = {isa = PBXFileReference; lastKnownFileType = sourcecode.swift; path = Movie.swift; sourceTree = "<group>"; };
		836FA38F254E9472008952A8 /* StandardHomeMovie.swift */ = {isa = PBXFileReference; lastKnownFileType = sourcecode.swift; path = StandardHomeMovie.swift; sourceTree = "<group>"; };
		836FA392254E94C4008952A8 /* GlobalHelpers.swift */ = {isa = PBXFileReference; lastKnownFileType = sourcecode.swift; path = GlobalHelpers.swift; sourceTree = "<group>"; };
		83EEF5682557D74300EA9671 /* Episode.swift */ = {isa = PBXFileReference; lastKnownFileType = sourcecode.swift; path = Episode.swift; sourceTree = "<group>"; };
		83F344642550482E0008FD38 /* TopMoviePreview.swift */ = {isa = PBXFileReference; lastKnownFileType = sourcecode.swift; path = TopMoviePreview.swift; sourceTree = "<group>"; };
		83F344672552F6D60008FD38 /* SmallVerticalButton.swift */ = {isa = PBXFileReference; lastKnownFileType = sourcecode.swift; path = SmallVerticalButton.swift; sourceTree = "<group>"; };
/* End PBXFileReference section */

/* Begin PBXFrameworksBuildPhase section */
		836FA35F254E8702008952A8 /* Frameworks */ = {
			isa = PBXFrameworksBuildPhase;
			buildActionMask = 2147483647;
			files = (
				836FA388254E92CD008952A8 /* KingfisherSwiftUI in Frameworks */,
			);
			runOnlyForDeploymentPostprocessing = 0;
		};
/* End PBXFrameworksBuildPhase section */

/* Begin PBXGroup section */
		834A38E12555204400C910C8 /* HelperViews */ = {
			isa = PBXGroup;
			children = (
				836F00AB2553AFD300D46281 /* PlayButton.swift */,
				83F344672552F6D60008FD38 /* SmallVerticalButton.swift */,
				836FA38F254E9472008952A8 /* StandardHomeMovie.swift */,
				83F344642550482E0008FD38 /* TopMoviePreview.swift */,
			);
			path = HelperViews;
			sourceTree = "<group>";
		};
		834A38E2255520D900C910C8 /* Helpers */ = {
			isa = PBXGroup;
			children = (
				836FA392254E94C4008952A8 /* GlobalHelpers.swift */,
			);
			path = Helpers;
			sourceTree = "<group>";
		};
		836FA359254E8702008952A8 = {
			isa = PBXGroup;
			children = (
				836FA364254E8702008952A8 /* Netflix-SwiftUI */,
				836FA363254E8702008952A8 /* Products */,
			);
			sourceTree = "<group>";
		};
		836FA363254E8702008952A8 /* Products */ = {
			isa = PBXGroup;
			children = (
				836FA362254E8702008952A8 /* Netflix-SwiftUI.app */,
			);
			name = Products;
			sourceTree = "<group>";
		};
		836FA364254E8702008952A8 /* Netflix-SwiftUI */ = {
			isa = PBXGroup;
			children = (
				834A38DC255512DA00C910C8 /* TestView.swift */,
				836FA365254E8702008952A8 /* NetflixApp.swift */,
				834A38E12555204400C910C8 /* HelperViews */,
				83F34462255045B90008FD38 /* Model */,
				836FA379254E892B008952A8 /* HomeViews */,
				834A38E2255520D900C910C8 /* Helpers */,
				836FA369254E8703008952A8 /* Assets.xcassets */,
				836FA36E254E8703008952A8 /* Info.plist */,
				834A38E4255521AC00C910C8 /* MovieDetail.swift */,
				836FA36B254E8703008952A8 /* Preview Content */,
			);
			path = "Netflix-SwiftUI";
			sourceTree = "<group>";
		};
		836FA36B254E8703008952A8 /* Preview Content */ = {
			isa = PBXGroup;
			children = (
				836FA36C254E8703008952A8 /* Preview Assets.xcassets */,
			);
			path = "Preview Content";
			sourceTree = "<group>";
		};
		836FA379254E892B008952A8 /* HomeViews */ = {
			isa = PBXGroup;
			children = (
				836AB54A254E9938002F8268 /* HomeVM.swift */,
				836FA376254E8923008952A8 /* HomeView.swift */,
			);
			path = HomeViews;
			sourceTree = "<group>";
		};
		83F34462255045B90008FD38 /* Model */ = {
			isa = PBXGroup;
			children = (
				836FA38B254E93F5008952A8 /* Movie.swift */,
				83EEF5682557D74300EA9671 /* Episode.swift */,
			);
			path = Model;
			sourceTree = "<group>";
		};
/* End PBXGroup section */

/* Begin PBXNativeTarget section */
		836FA361254E8702008952A8 /* Netflix-SwiftUI */ = {
			isa = PBXNativeTarget;
			buildConfigurationList = 836FA371254E8703008952A8 /* Build configuration list for PBXNativeTarget "Netflix-SwiftUI" */;
			buildPhases = (
				836FA35E254E8702008952A8 /* Sources */,
				836FA35F254E8702008952A8 /* Frameworks */,
				836FA360254E8702008952A8 /* Resources */,
			);
			buildRules = (
			);
			dependencies = (
			);
			name = "Netflix-SwiftUI";
			packageProductDependencies = (
				836FA387254E92CD008952A8 /* KingfisherSwiftUI */,
			);
			productName = Netflix;
			productReference = 836FA362254E8702008952A8 /* Netflix-SwiftUI.app */;
			productType = "com.apple.product-type.application";
		};
/* End PBXNativeTarget section */

/* Begin PBXProject section */
		836FA35A254E8702008952A8 /* Project object */ = {
			isa = PBXProject;
			attributes = {
				LastSwiftUpdateCheck = 1200;
				LastUpgradeCheck = 1200;
				TargetAttributes = {
					836FA361254E8702008952A8 = {
						CreatedOnToolsVersion = 12.0.1;
					};
				};
			};
			buildConfigurationList = 836FA35D254E8702008952A8 /* Build configuration list for PBXProject "Netflix-SwiftUI" */;
			compatibilityVersion = "Xcode 9.3";
			developmentRegion = en;
			hasScannedForEncodings = 0;
			knownRegions = (
				en,
				Base,
			);
			mainGroup = 836FA359254E8702008952A8;
			packageReferences = (
				836FA386254E92CD008952A8 /* XCRemoteSwiftPackageReference "Kingfisher" */,
			);
			productRefGroup = 836FA363254E8702008952A8 /* Products */;
			projectDirPath = "";
			projectRoot = "";
			targets = (
				836FA361254E8702008952A8 /* Netflix-SwiftUI */,
			);
		};
/* End PBXProject section */

/* Begin PBXResourcesBuildPhase section */
		836FA360254E8702008952A8 /* Resources */ = {
			isa = PBXResourcesBuildPhase;
			buildActionMask = 2147483647;
			files = (
				836FA36D254E8703008952A8 /* Preview Assets.xcassets in Resources */,
				836FA36A254E8703008952A8 /* Assets.xcassets in Resources */,
			);
			runOnlyForDeploymentPostprocessing = 0;
		};
/* End PBXResourcesBuildPhase section */

/* Begin PBXSourcesBuildPhase section */
		836FA35E254E8702008952A8 /* Sources */ = {
			isa = PBXSourcesBuildPhase;
			buildActionMask = 2147483647;
			files = (
				836FA390254E9472008952A8 /* StandardHomeMovie.swift in Sources */,
				83EEF5692557D74300EA9671 /* Episode.swift in Sources */,
				836FA377254E8923008952A8 /* HomeView.swift in Sources */,
				83F344652550482E0008FD38 /* TopMoviePreview.swift in Sources */,
				83F344682552F6D60008FD38 /* SmallVerticalButton.swift in Sources */,
				836FA393254E94C4008952A8 /* GlobalHelpers.swift in Sources */,
				836AB54B254E9938002F8268 /* HomeVM.swift in Sources */,
				834A38DD255512DA00C910C8 /* TestView.swift in Sources */,
				836FA366254E8702008952A8 /* NetflixApp.swift in Sources */,
				836F00AC2553AFD300D46281 /* PlayButton.swift in Sources */,
				836FA38C254E93F5008952A8 /* Movie.swift in Sources */,
				834A38E5255521AC00C910C8 /* MovieDetail.swift in Sources */,
			);
			runOnlyForDeploymentPostprocessing = 0;
		};
/* End PBXSourcesBuildPhase section */

/* Begin XCBuildConfiguration section */
		836FA36F254E8703008952A8 /* Debug */ = {
			isa = XCBuildConfiguration;
			buildSettings = {
				ALWAYS_SEARCH_USER_PATHS = NO;
				CLANG_ANALYZER_NONNULL = YES;
				CLANG_ANALYZER_NUMBER_OBJECT_CONVERSION = YES_AGGRESSIVE;
				CLANG_CXX_LANGUAGE_STANDARD = "gnu++14";
				CLANG_CXX_LIBRARY = "libc++";
				CLANG_ENABLE_MODULES = YES;
				CLANG_ENABLE_OBJC_ARC = YES;
				CLANG_ENABLE_OBJC_WEAK = YES;
				CLANG_WARN_BLOCK_CAPTURE_AUTORELEASING = YES;
				CLANG_WARN_BOOL_CONVERSION = YES;
				CLANG_WARN_COMMA = YES;
				CLANG_WARN_CONSTANT_CONVERSION = YES;
				CLANG_WARN_DEPRECATED_OBJC_IMPLEMENTATIONS = YES;
				CLANG_WARN_DIRECT_OBJC_ISA_USAGE = YES_ERROR;
				CLANG_WARN_DOCUMENTATION_COMMENTS = YES;
				CLANG_WARN_EMPTY_BODY = YES;
				CLANG_WARN_ENUM_CONVERSION = YES;
				CLANG_WARN_INFINITE_RECURSION = YES;
				CLANG_WARN_INT_CONVERSION = YES;
				CLANG_WARN_NON_LITERAL_NULL_CONVERSION = YES;
				CLANG_WARN_OBJC_IMPLICIT_RETAIN_SELF = YES;
				CLANG_WARN_OBJC_LITERAL_CONVERSION = YES;
				CLANG_WARN_OBJC_ROOT_CLASS = YES_ERROR;
				CLANG_WARN_QUOTED_INCLUDE_IN_FRAMEWORK_HEADER = YES;
				CLANG_WARN_RANGE_LOOP_ANALYSIS = YES;
				CLANG_WARN_STRICT_PROTOTYPES = YES;
				CLANG_WARN_SUSPICIOUS_MOVE = YES;
				CLANG_WARN_UNGUARDED_AVAILABILITY = YES_AGGRESSIVE;
				CLANG_WARN_UNREACHABLE_CODE = YES;
				CLANG_WARN__DUPLICATE_METHOD_MATCH = YES;
				COPY_PHASE_STRIP = NO;
				DEBUG_INFORMATION_FORMAT = dwarf;
				ENABLE_STRICT_OBJC_MSGSEND = YES;
				ENABLE_TESTABILITY = YES;
				GCC_C_LANGUAGE_STANDARD = gnu11;
				GCC_DYNAMIC_NO_PIC = NO;
				GCC_NO_COMMON_BLOCKS = YES;
				GCC_OPTIMIZATION_LEVEL = 0;
				GCC_PREPROCESSOR_DEFINITIONS = (
					"DEBUG=1",
					"$(inherited)",
				);
				GCC_WARN_64_TO_32_BIT_CONVERSION = YES;
				GCC_WARN_ABOUT_RETURN_TYPE = YES_ERROR;
				GCC_WARN_UNDECLARED_SELECTOR = YES;
				GCC_WARN_UNINITIALIZED_AUTOS = YES_AGGRESSIVE;
				GCC_WARN_UNUSED_FUNCTION = YES;
				GCC_WARN_UNUSED_VARIABLE = YES;
				IPHONEOS_DEPLOYMENT_TARGET = 14.0;
				MTL_ENABLE_DEBUG_INFO = INCLUDE_SOURCE;
				MTL_FAST_MATH = YES;
				ONLY_ACTIVE_ARCH = YES;
				SDKROOT = iphoneos;
				SWIFT_ACTIVE_COMPILATION_CONDITIONS = DEBUG;
				SWIFT_OPTIMIZATION_LEVEL = "-Onone";
			};
			name = Debug;
		};
		836FA370254E8703008952A8 /* Release */ = {
			isa = XCBuildConfiguration;
			buildSettings = {
				ALWAYS_SEARCH_USER_PATHS = NO;
				CLANG_ANALYZER_NONNULL = YES;
				CLANG_ANALYZER_NUMBER_OBJECT_CONVERSION = YES_AGGRESSIVE;
				CLANG_CXX_LANGUAGE_STANDARD = "gnu++14";
				CLANG_CXX_LIBRARY = "libc++";
				CLANG_ENABLE_MODULES = YES;
				CLANG_ENABLE_OBJC_ARC = YES;
				CLANG_ENABLE_OBJC_WEAK = YES;
				CLANG_WARN_BLOCK_CAPTURE_AUTORELEASING = YES;
				CLANG_WARN_BOOL_CONVERSION = YES;
				CLANG_WARN_COMMA = YES;
				CLANG_WARN_CONSTANT_CONVERSION = YES;
				CLANG_WARN_DEPRECATED_OBJC_IMPLEMENTATIONS = YES;
				CLANG_WARN_DIRECT_OBJC_ISA_USAGE = YES_ERROR;
				CLANG_WARN_DOCUMENTATION_COMMENTS = YES;
				CLANG_WARN_EMPTY_BODY = YES;
				CLANG_WARN_ENUM_CONVERSION = YES;
				CLANG_WARN_INFINITE_RECURSION = YES;
				CLANG_WARN_INT_CONVERSION = YES;
				CLANG_WARN_NON_LITERAL_NULL_CONVERSION = YES;
				CLANG_WARN_OBJC_IMPLICIT_RETAIN_SELF = YES;
				CLANG_WARN_OBJC_LITERAL_CONVERSION = YES;
				CLANG_WARN_OBJC_ROOT_CLASS = YES_ERROR;
				CLANG_WARN_QUOTED_INCLUDE_IN_FRAMEWORK_HEADER = YES;
				CLANG_WARN_RANGE_LOOP_ANALYSIS = YES;
				CLANG_WARN_STRICT_PROTOTYPES = YES;
				CLANG_WARN_SUSPICIOUS_MOVE = YES;
				CLANG_WARN_UNGUARDED_AVAILABILITY = YES_AGGRESSIVE;
				CLANG_WARN_UNREACHABLE_CODE = YES;
				CLANG_WARN__DUPLICATE_METHOD_MATCH = YES;
				COPY_PHASE_STRIP = NO;
				DEBUG_INFORMATION_FORMAT = "dwarf-with-dsym";
				ENABLE_NS_ASSERTIONS = NO;
				ENABLE_STRICT_OBJC_MSGSEND = YES;
				GCC_C_LANGUAGE_STANDARD = gnu11;
				GCC_NO_COMMON_BLOCKS = YES;
				GCC_WARN_64_TO_32_BIT_CONVERSION = YES;
				GCC_WARN_ABOUT_RETURN_TYPE = YES_ERROR;
				GCC_WARN_UNDECLARED_SELECTOR = YES;
				GCC_WARN_UNINITIALIZED_AUTOS = YES_AGGRESSIVE;
				GCC_WARN_UNUSED_FUNCTION = YES;
				GCC_WARN_UNUSED_VARIABLE = YES;
				IPHONEOS_DEPLOYMENT_TARGET = 14.0;
				MTL_ENABLE_DEBUG_INFO = NO;
				MTL_FAST_MATH = YES;
				SDKROOT = iphoneos;
				SWIFT_COMPILATION_MODE = wholemodule;
				SWIFT_OPTIMIZATION_LEVEL = "-O";
				VALIDATE_PRODUCT = YES;
			};
			name = Release;
		};
		836FA372254E8703008952A8 /* Debug */ = {
			isa = XCBuildConfiguration;
			buildSettings = {
				ASSETCATALOG_COMPILER_APPICON_NAME = AppIcon;
				ASSETCATALOG_COMPILER_GLOBAL_ACCENT_COLOR_NAME = AccentColor;
				CODE_SIGN_STYLE = Automatic;
				DEVELOPMENT_ASSET_PATHS = "\"Netflix-SwiftUI/Preview Content\"";
				DEVELOPMENT_TEAM = 77F6X5R2CN;
				ENABLE_PREVIEWS = YES;
				INFOPLIST_FILE = "Netflix-SwiftUI/Info.plist";
				IPHONEOS_DEPLOYMENT_TARGET = 14.0;
				LD_RUNPATH_SEARCH_PATHS = (
					"$(inherited)",
					"@executable_path/Frameworks",
				);
				PRODUCT_BUNDLE_IDENTIFIER = kiwan.company.Netflix;
				PRODUCT_NAME = "$(TARGET_NAME)";
				SWIFT_VERSION = 5.0;
				TARGETED_DEVICE_FAMILY = "1,2";
			};
			name = Debug;
		};
		836FA373254E8703008952A8 /* Release */ = {
			isa = XCBuildConfiguration;
			buildSettings = {
				ASSETCATALOG_COMPILER_APPICON_NAME = AppIcon;
				ASSETCATALOG_COMPILER_GLOBAL_ACCENT_COLOR_NAME = AccentColor;
				CODE_SIGN_STYLE = Automatic;
				DEVELOPMENT_ASSET_PATHS = "\"Netflix-SwiftUI/Preview Content\"";
				DEVELOPMENT_TEAM = 77F6X5R2CN;
				ENABLE_PREVIEWS = YES;
				INFOPLIST_FILE = "Netflix-SwiftUI/Info.plist";
				IPHONEOS_DEPLOYMENT_TARGET = 14.0;
				LD_RUNPATH_SEARCH_PATHS = (
					"$(inherited)",
					"@executable_path/Frameworks",
				);
				PRODUCT_BUNDLE_IDENTIFIER = kiwan.company.Netflix;
				PRODUCT_NAME = "$(TARGET_NAME)";
				SWIFT_VERSION = 5.0;
				TARGETED_DEVICE_FAMILY = "1,2";
			};
			name = Release;
		};
/* End XCBuildConfiguration section */

/* Begin XCConfigurationList section */
		836FA35D254E8702008952A8 /* Build configuration list for PBXProject "Netflix-SwiftUI" */ = {
			isa = XCConfigurationList;
			buildConfigurations = (
				836FA36F254E8703008952A8 /* Debug */,
				836FA370254E8703008952A8 /* Release */,
			);
			defaultConfigurationIsVisible = 0;
			defaultConfigurationName = Release;
		};
		836FA371254E8703008952A8 /* Build configuration list for PBXNativeTarget "Netflix-SwiftUI" */ = {
			isa = XCConfigurationList;
			buildConfigurations = (
				836FA372254E8703008952A8 /* Debug */,
				836FA373254E8703008952A8 /* Release */,
			);
			defaultConfigurationIsVisible = 0;
			defaultConfigurationName = Release;
		};
/* End XCConfigurationList section */

/* Begin XCRemoteSwiftPackageReference section */
		836FA386254E92CD008952A8 /* XCRemoteSwiftPackageReference "Kingfisher" */ = {
			isa = XCRemoteSwiftPackageReference;
			repositoryURL = "https://github.com/onevcat/Kingfisher";
			requirement = {
				kind = upToNextMajorVersion;
				minimumVersion = 5.15.7;
			};
		};
/* End XCRemoteSwiftPackageReference section */

/* Begin XCSwiftPackageProductDependency section */
		836FA387254E92CD008952A8 /* KingfisherSwiftUI */ = {
			isa = XCSwiftPackageProductDependency;
			package = 836FA386254E92CD008952A8 /* XCRemoteSwiftPackageReference "Kingfisher" */;
			productName = KingfisherSwiftUI;
		};
/* End XCSwiftPackageProductDependency section */
	};
	rootObject = 836FA35A254E8702008952A8 /* Project object */;
}
